
Microsoft Visual Studio Solution File, Format Version 12.00
# Visual Studio Version 17
VisualStudioVersion = 17.5.33530.505
MinimumVisualStudioVersion = 10.0.40219.1
Project("{9A19103F-16F7-4668-BE54-9A1E7A4F7556}") = "ReleCloudLite.Web", "AppConfigurationReader\ReleCloudLite.Web.csproj", "{C81A1060-9306-40AB-BF1B-D2FD63903CDC}"
EndProject
Project("{FAE04EC0-301F-11D3-BF4B-00C04F79EFBC}") = "ReleCloudLite.Models", "ReleCloudLite.Models\ReleCloudLite.Models.csproj", "{BA861F5E-0F0F-4852-AF41-D669C2838691}"
EndProject
Project("{FAE04EC0-301F-11D3-BF4B-00C04F79EFBC}") = "ReleCloudLite.API", "ReleCloudLite.API\ReleCloudLite.API.csproj", "{F5874B32-7A47-4A59-8DB6-0D1C59745FE7}"
EndProject
Global
	GlobalSection(SolutionConfigurationPlatforms) = preSolution
		Debug|Any CPU = Debug|Any CPU
		Release|Any CPU = Release|Any CPU
	EndGlobalSection
	GlobalSection(ProjectConfigurationPlatforms) = postSolution
		{C81A1060-9306-40AB-BF1B-D2FD63903CDC}.Debug|Any CPU.ActiveCfg = Debug|Any CPU
		{C81A1060-9306-40AB-BF1B-D2FD63903CDC}.Debug|Any CPU.Build.0 = Debug|Any CPU
		{C81A1060-9306-40AB-BF1B-D2FD63903CDC}.Release|Any CPU.ActiveCfg = Release|Any CPU
		{C81A1060-9306-40AB-BF1B-D2FD63903CDC}.Release|Any CPU.Build.0 = Release|Any CPU
		{BA861F5E-0F0F-4852-AF41-D669C2838691}.Debug|Any CPU.ActiveCfg = Debug|Any CPU
		{BA861F5E-0F0F-4852-AF41-D669C2838691}.Debug|Any CPU.Build.0 = Debug|Any CPU
		{BA861F5E-0F0F-4852-AF41-D669C2838691}.Release|Any CPU.ActiveCfg = Release|Any CPU
		{BA861F5E-0F0F-4852-AF41-D669C2838691}.Release|Any CPU.Build.0 = Release|Any CPU
		{F5874B32-7A47-4A59-8DB6-0D1C59745FE7}.Debug|Any CPU.ActiveCfg = Debug|Any CPU
		{F5874B32-7A47-4A59-8DB6-0D1C59745FE7}.Debug|Any CPU.Build.0 = Debug|Any CPU
		{F5874B32-7A47-4A59-8DB6-0D1C59745FE7}.Release|Any CPU.ActiveCfg = Release|Any CPU
		{F5874B32-7A47-4A59-8DB6-0D1C59745FE7}.Release|Any CPU.Build.0 = Release|Any CPU
	EndGlobalSection
	GlobalSection(SolutionProperties) = preSolution
		HideSolutionNode = FALSE
	EndGlobalSection
	GlobalSection(ExtensibilityGlobals) = postSolution
		SolutionGuid = {4D041D9A-788E-47C6-A54C-D0B0C52B98B3}
	EndGlobalSection
EndGlobal
